
Microsoft Visual Studio Solution File, Format Version 12.00
# Visual Studio Version 17
VisualStudioVersion = 17.0.32112.339
MinimumVisualStudioVersion = 10.0.40219.1
Project("{FAE04EC0-301F-11D3-BF4B-00C04F79EFBC}") = "Factory", "Factory\Factory.csproj", "{BF7B352F-532E-4844-94E4-649EB14A9F45}"
EndProject
Project("{FAE04EC0-301F-11D3-BF4B-00C04F79EFBC}") = "FactoryDemo", "FactoryDemo\FactoryDemo.csproj", "{E96ED2B0-65EC-4D16-95E3-550C5C40981F}"
EndProject
Global
	GlobalSection(SolutionConfigurationPlatforms) = preSolution
		Debug|Any CPU = Debug|Any CPU
		Release|Any CPU = Release|Any CPU
	EndGlobalSection
	GlobalSection(ProjectConfigurationPlatforms) = postSolution
		{BF7B352F-532E-4844-94E4-649EB14A9F45}.Debug|Any CPU.ActiveCfg = Debug|Any CPU
		{BF7B352F-532E-4844-94E4-649EB14A9F45}.Debug|Any CPU.Build.0 = Debug|Any CPU
		{BF7B352F-532E-4844-94E4-649EB14A9F45}.Release|Any CPU.ActiveCfg = Release|Any CPU
		{BF7B352F-532E-4844-94E4-649EB14A9F45}.Release|Any CPU.Build.0 = Release|Any CPU
		{E96ED2B0-65EC-4D16-95E3-550C5C40981F}.Debug|Any CPU.ActiveCfg = Debug|Any CPU
		{E96ED2B0-65EC-4D16-95E3-550C5C40981F}.Debug|Any CPU.Build.0 = Debug|Any CPU
		{E96ED2B0-65EC-4D16-95E3-550C5C40981F}.Release|Any CPU.ActiveCfg = Release|Any CPU
		{E96ED2B0-65EC-4D16-95E3-550C5C40981F}.Release|Any CPU.Build.0 = Release|Any CPU
	EndGlobalSection
	GlobalSection(SolutionProperties) = preSolution
		HideSolutionNode = FALSE
	EndGlobalSection
	GlobalSection(ExtensibilityGlobals) = postSolution
		SolutionGuid = {522F94FC-70BD-410F-8D5B-1FD5E2B85EBC}
	EndGlobalSection
EndGlobal
