
Microsoft Visual Studio Solution File, Format Version 12.00
# Visual Studio Version 17
VisualStudioVersion = 17.0.32112.339
MinimumVisualStudioVersion = 10.0.40219.1
Project("{FAE04EC0-301F-11D3-BF4B-00C04F79EFBC}") = "Assessment3_MarsRover", "Assessment3_MarsRover\Assessment3_MarsRover.csproj", "{8CA8C96C-4CE7-4332-9F5C-6EAB592CE0D9}"
EndProject
Global
	GlobalSection(SolutionConfigurationPlatforms) = preSolution
		Debug|Any CPU = Debug|Any CPU
		Release|Any CPU = Release|Any CPU
	EndGlobalSection
	GlobalSection(ProjectConfigurationPlatforms) = postSolution
		{8CA8C96C-4CE7-4332-9F5C-6EAB592CE0D9}.Debug|Any CPU.ActiveCfg = Debug|Any CPU
		{8CA8C96C-4CE7-4332-9F5C-6EAB592CE0D9}.Debug|Any CPU.Build.0 = Debug|Any CPU
		{8CA8C96C-4CE7-4332-9F5C-6EAB592CE0D9}.Release|Any CPU.ActiveCfg = Release|Any CPU
		{8CA8C96C-4CE7-4332-9F5C-6EAB592CE0D9}.Release|Any CPU.Build.0 = Release|Any CPU
	EndGlobalSection
	GlobalSection(SolutionProperties) = preSolution
		HideSolutionNode = FALSE
	EndGlobalSection
	GlobalSection(ExtensibilityGlobals) = postSolution
		SolutionGuid = {476F5E95-356B-4142-B656-9F5EE169BC24}
	EndGlobalSection
EndGlobal
