
Microsoft Visual Studio Solution File, Format Version 12.00
# Visual Studio Version 17
VisualStudioVersion = 17.0.32014.148
MinimumVisualStudioVersion = 10.0.40219.1
Project("{9A19103F-16F7-4668-BE54-9A1E7A4F7556}") = "Assessment 1", "Assessment 1\Assessment 1.csproj", "{4B7EE444-0C77-44E4-B675-302DB2D1F588}"
EndProject
Project("{FAE04EC0-301F-11D3-BF4B-00C04F79EFBC}") = "Assessment1.Test", "Assessment1.Test\Assessment1.Test.csproj", "{DCB1034E-F179-48B1-87E7-3375C35BD6EA}"
EndProject
Global
	GlobalSection(SolutionConfigurationPlatforms) = preSolution
		Debug|Any CPU = Debug|Any CPU
		Release|Any CPU = Release|Any CPU
	EndGlobalSection
	GlobalSection(ProjectConfigurationPlatforms) = postSolution
		{4B7EE444-0C77-44E4-B675-302DB2D1F588}.Debug|Any CPU.ActiveCfg = Debug|Any CPU
		{4B7EE444-0C77-44E4-B675-302DB2D1F588}.Debug|Any CPU.Build.0 = Debug|Any CPU
		{4B7EE444-0C77-44E4-B675-302DB2D1F588}.Release|Any CPU.ActiveCfg = Release|Any CPU
		{4B7EE444-0C77-44E4-B675-302DB2D1F588}.Release|Any CPU.Build.0 = Release|Any CPU
		{DCB1034E-F179-48B1-87E7-3375C35BD6EA}.Debug|Any CPU.ActiveCfg = Debug|Any CPU
		{DCB1034E-F179-48B1-87E7-3375C35BD6EA}.Debug|Any CPU.Build.0 = Debug|Any CPU
		{DCB1034E-F179-48B1-87E7-3375C35BD6EA}.Release|Any CPU.ActiveCfg = Release|Any CPU
		{DCB1034E-F179-48B1-87E7-3375C35BD6EA}.Release|Any CPU.Build.0 = Release|Any CPU
	EndGlobalSection
	GlobalSection(SolutionProperties) = preSolution
		HideSolutionNode = FALSE
	EndGlobalSection
	GlobalSection(ExtensibilityGlobals) = postSolution
		SolutionGuid = {43395097-1A08-4B6E-968B-965ED9190E4F}
	EndGlobalSection
EndGlobal
