
Microsoft Visual Studio Solution File, Format Version 12.00
# Visual Studio Version 17
VisualStudioVersion = 17.0.32112.339
MinimumVisualStudioVersion = 10.0.40219.1
Project("{9A19103F-16F7-4668-BE54-9A1E7A4F7556}") = "Strategy", "Strategy\Strategy.csproj", "{FA06E78B-33F0-4295-91CC-742F2B2B0688}"
EndProject
Project("{FAE04EC0-301F-11D3-BF4B-00C04F79EFBC}") = "StrategyDemo", "StrategyDemo\StrategyDemo.csproj", "{299091A3-BDB1-4469-BFF2-C76008B14D56}"
EndProject
Global
	GlobalSection(SolutionConfigurationPlatforms) = preSolution
		Debug|Any CPU = Debug|Any CPU
		Release|Any CPU = Release|Any CPU
	EndGlobalSection
	GlobalSection(ProjectConfigurationPlatforms) = postSolution
		{FA06E78B-33F0-4295-91CC-742F2B2B0688}.Debug|Any CPU.ActiveCfg = Debug|Any CPU
		{FA06E78B-33F0-4295-91CC-742F2B2B0688}.Debug|Any CPU.Build.0 = Debug|Any CPU
		{FA06E78B-33F0-4295-91CC-742F2B2B0688}.Release|Any CPU.ActiveCfg = Release|Any CPU
		{FA06E78B-33F0-4295-91CC-742F2B2B0688}.Release|Any CPU.Build.0 = Release|Any CPU
		{299091A3-BDB1-4469-BFF2-C76008B14D56}.Debug|Any CPU.ActiveCfg = Debug|Any CPU
		{299091A3-BDB1-4469-BFF2-C76008B14D56}.Debug|Any CPU.Build.0 = Debug|Any CPU
		{299091A3-BDB1-4469-BFF2-C76008B14D56}.Release|Any CPU.ActiveCfg = Release|Any CPU
		{299091A3-BDB1-4469-BFF2-C76008B14D56}.Release|Any CPU.Build.0 = Release|Any CPU
	EndGlobalSection
	GlobalSection(SolutionProperties) = preSolution
		HideSolutionNode = FALSE
	EndGlobalSection
	GlobalSection(ExtensibilityGlobals) = postSolution
		SolutionGuid = {30B2E5AA-8B69-4B16-BC1F-C7246A4B8409}
	EndGlobalSection
EndGlobal
