
Microsoft Visual Studio Solution File, Format Version 12.00
# Visual Studio Version 16
VisualStudioVersion = 16.0.32002.261
MinimumVisualStudioVersion = 10.0.40219.1
Project("{FAE04EC0-301F-11D3-BF4B-00C04F79EFBC}") = "Dizon.FacadeDesignPattern", "Dizon.FacadeDesignPattern\Dizon.FacadeDesignPattern.csproj", "{A7C08227-9AC5-4A2A-B59B-A818F8144944}"
EndProject
Global
	GlobalSection(SolutionConfigurationPlatforms) = preSolution
		Debug|Any CPU = Debug|Any CPU
		Release|Any CPU = Release|Any CPU
	EndGlobalSection
	GlobalSection(ProjectConfigurationPlatforms) = postSolution
		{A7C08227-9AC5-4A2A-B59B-A818F8144944}.Debug|Any CPU.ActiveCfg = Debug|Any CPU
		{A7C08227-9AC5-4A2A-B59B-A818F8144944}.Debug|Any CPU.Build.0 = Debug|Any CPU
		{A7C08227-9AC5-4A2A-B59B-A818F8144944}.Release|Any CPU.ActiveCfg = Release|Any CPU
		{A7C08227-9AC5-4A2A-B59B-A818F8144944}.Release|Any CPU.Build.0 = Release|Any CPU
	EndGlobalSection
	GlobalSection(SolutionProperties) = preSolution
		HideSolutionNode = FALSE
	EndGlobalSection
	GlobalSection(ExtensibilityGlobals) = postSolution
		SolutionGuid = {AD42F5B0-CED8-4A55-851C-1C2294A3B93C}
	EndGlobalSection
EndGlobal
